
Microsoft Visual Studio Solution File, Format Version 12.00
# Visual Studio Version 17
VisualStudioVersion = 17.8.34330.188
MinimumVisualStudioVersion = 10.0.40219.1
Project("{FAE04EC0-301F-11D3-BF4B-00C04F79EFBC}") = "Mikklient", "Mikklient.csproj", "{8471DA51-E548-428F-A06E-ED60A362E7FF}"
EndProject
Global
	GlobalSection(SolutionConfigurationPlatforms) = preSolution
		Debug|Any CPU = Debug|Any CPU
		Release|Any CPU = Release|Any CPU
	EndGlobalSection
	GlobalSection(ProjectConfigurationPlatforms) = postSolution
		{8471DA51-E548-428F-A06E-ED60A362E7FF}.Debug|Any CPU.ActiveCfg = Debug|Any CPU
		{8471DA51-E548-428F-A06E-ED60A362E7FF}.Debug|Any CPU.Build.0 = Debug|Any CPU
		{8471DA51-E548-428F-A06E-ED60A362E7FF}.Debug|Any CPU.Deploy.0 = Debug|Any CPU
		{8471DA51-E548-428F-A06E-ED60A362E7FF}.Release|Any CPU.ActiveCfg = Release|Any CPU
		{8471DA51-E548-428F-A06E-ED60A362E7FF}.Release|Any CPU.Build.0 = Release|Any CPU
		{8471DA51-E548-428F-A06E-ED60A362E7FF}.Release|Any CPU.Deploy.0 = Release|Any CPU
	EndGlobalSection
	GlobalSection(SolutionProperties) = preSolution
		HideSolutionNode = FALSE
	EndGlobalSection
	GlobalSection(ExtensibilityGlobals) = postSolution
		SolutionGuid = {BFEBA70A-BA10-43CD-A949-98BF60EAF3A4}
	EndGlobalSection
EndGlobal
